// !$*UTF8*$!
{
	archiveVersion = 1;
	classes = {
	};
	objectVersion = 46;
	objects = {

/* Begin PBXBuildFile section */
		183B4B1E1A890D900018F0FC /* main.m in Sources */ = {isa = PBXBuildFile; fileRef = 183B4B1D1A890D900018F0FC /* main.m */; };
		183B4B211A890D910018F0FC /* AppDelegate.m in Sources */ = {isa = PBXBuildFile; fileRef = 183B4B201A890D910018F0FC /* AppDelegate.m */; };
		183B4B241A890D910018F0FC /* RssReader.xcdatamodeld in Sources */ = {isa = PBXBuildFile; fileRef = 183B4B221A890D910018F0FC /* RssReader.xcdatamodeld */; };
		183B4B271A890D910018F0FC /* MasterViewController.m in Sources */ = {isa = PBXBuildFile; fileRef = 183B4B261A890D910018F0FC /* MasterViewController.m */; };
		183B4B2A1A890D910018F0FC /* DetailViewController.m in Sources */ = {isa = PBXBuildFile; fileRef = 183B4B291A890D910018F0FC /* DetailViewController.m */; };
		183B4B2D1A890D910018F0FC /* Main.storyboard in Resources */ = {isa = PBXBuildFile; fileRef = 183B4B2B1A890D910018F0FC /* Main.storyboard */; };
		183B4B2F1A890D910018F0FC /* Images.xcassets in Resources */ = {isa = PBXBuildFile; fileRef = 183B4B2E1A890D910018F0FC /* Images.xcassets */; };
		183B4B321A890D910018F0FC /* LaunchScreen.xib in Resources */ = {isa = PBXBuildFile; fileRef = 183B4B301A890D910018F0FC /* LaunchScreen.xib */; };
		183B4B3E1A890D910018F0FC /* RssReaderTests.m in Sources */ = {isa = PBXBuildFile; fileRef = 183B4B3D1A890D910018F0FC /* RssReaderTests.m */; };
		183B4B491A891ECE0018F0FC /* IpObject.m in Sources */ = {isa = PBXBuildFile; fileRef = 183B4B481A891ECE0018F0FC /* IpObject.m */; };
/* End PBXBuildFile section */

/* Begin PBXContainerItemProxy section */
		183B4B381A890D910018F0FC /* PBXContainerItemProxy */ = {
			isa = PBXContainerItemProxy;
			containerPortal = 183B4B101A890D8F0018F0FC /* Project object */;
			proxyType = 1;
			remoteGlobalIDString = 183B4B171A890D8F0018F0FC;
			remoteInfo = RssReader;
		};
/* End PBXContainerItemProxy section */

/* Begin PBXFileReference section */
		183B4B181A890D900018F0FC /* RssReader.app */ = {isa = PBXFileReference; explicitFileType = wrapper.application; includeInIndex = 0; path = RssReader.app; sourceTree = BUILT_PRODUCTS_DIR; };
		183B4B1C1A890D900018F0FC /* Info.plist */ = {isa = PBXFileReference; lastKnownFileType = text.plist.xml; path = Info.plist; sourceTree = "<group>"; };
		183B4B1D1A890D900018F0FC /* main.m */ = {isa = PBXFileReference; lastKnownFileType = sourcecode.c.objc; path = main.m; sourceTree = "<group>"; };
		183B4B1F1A890D900018F0FC /* AppDelegate.h */ = {isa = PBXFileReference; lastKnownFileType = sourcecode.c.h; path = AppDelegate.h; sourceTree = "<group>"; };
		183B4B201A890D910018F0FC /* AppDelegate.m */ = {isa = PBXFileReference; lastKnownFileType = sourcecode.c.objc; path = AppDelegate.m; sourceTree = "<group>"; };
		183B4B231A890D910018F0FC /* RssReader.xcdatamodel */ = {isa = PBXFileReference; lastKnownFileType = wrapper.xcdatamodel; path = RssReader.xcdatamodel; sourceTree = "<group>"; };
		183B4B251A890D910018F0FC /* MasterViewController.h */ = {isa = PBXFileReference; lastKnownFileType = sourcecode.c.h; path = MasterViewController.h; sourceTree = "<group>"; };
		183B4B261A890D910018F0FC /* MasterViewController.m */ = {isa = PBXFileReference; lastKnownFileType = sourcecode.c.objc; path = MasterViewController.m; sourceTree = "<group>"; };
		183B4B281A890D910018F0FC /* DetailViewController.h */ = {isa = PBXFileReference; lastKnownFileType = sourcecode.c.h; path = DetailViewController.h; sourceTree = "<group>"; };
		183B4B291A890D910018F0FC /* DetailViewController.m */ = {isa = PBXFileReference; lastKnownFileType = sourcecode.c.objc; path = DetailViewController.m; sourceTree = "<group>"; };
		183B4B2C1A890D910018F0FC /* Base */ = {isa = PBXFileReference; lastKnownFileType = file.storyboard; name = Base; path = Base.lproj/Main.storyboard; sourceTree = "<group>"; };
		183B4B2E1A890D910018F0FC /* Images.xcassets */ = {isa = PBXFileReference; lastKnownFileType = folder.assetcatalog; path = Images.xcassets; sourceTree = "<group>"; };
		183B4B311A890D910018F0FC /* Base */ = {isa = PBXFileReference; lastKnownFileType = file.xib; name = Base; path = Base.lproj/LaunchScreen.xib; sourceTree = "<group>"; };
		183B4B371A890D910018F0FC /* RssReaderTests.xctest */ = {isa = PBXFileReference; explicitFileType = wrapper.cfbundle; includeInIndex = 0; path = RssReaderTests.xctest; sourceTree = BUILT_PRODUCTS_DIR; };
		183B4B3C1A890D910018F0FC /* Info.plist */ = {isa = PBXFileReference; lastKnownFileType = text.plist.xml; path = Info.plist; sourceTree = "<group>"; };
		183B4B3D1A890D910018F0FC /* RssReaderTests.m */ = {isa = PBXFileReference; lastKnownFileType = sourcecode.c.objc; path = RssReaderTests.m; sourceTree = "<group>"; };
		183B4B471A891ECE0018F0FC /* IpObject.h */ = {isa = PBXFileReference; fileEncoding = 4; lastKnownFileType = sourcecode.c.h; path = IpObject.h; sourceTree = "<group>"; };
		183B4B481A891ECE0018F0FC /* IpObject.m */ = {isa = PBXFileReference; fileEncoding = 4; lastKnownFileType = sourcecode.c.objc; path = IpObject.m; sourceTree = "<group>"; };
/* End PBXFileReference section */

/* Begin PBXFrameworksBuildPhase section */
		183B4B151A890D8F0018F0FC /* Frameworks */ = {
			isa = PBXFrameworksBuildPhase;
			buildActionMask = 2147483647;
			files = (
			);
			runOnlyForDeploymentPostprocessing = 0;
		};
		183B4B341A890D910018F0FC /* Frameworks */ = {
			isa = PBXFrameworksBuildPhase;
			buildActionMask = 2147483647;
			files = (
			);
			runOnlyForDeploymentPostprocessing = 0;
		};
/* End PBXFrameworksBuildPhase section */

/* Begin PBXGroup section */
		183B4B0F1A890D8F0018F0FC = {
			isa = PBXGroup;
			children = (
				183B4B1A1A890D900018F0FC /* RssReader */,
				183B4B3A1A890D910018F0FC /* RssReaderTests */,
				183B4B191A890D900018F0FC /* Products */,
			);
			sourceTree = "<group>";
		};
		183B4B191A890D900018F0FC /* Products */ = {
			isa = PBXGroup;
			children = (
				183B4B181A890D900018F0FC /* RssReader.app */,
				183B4B371A890D910018F0FC /* RssReaderTests.xctest */,
			);
			name = Products;
			sourceTree = "<group>";
		};
		183B4B1A1A890D900018F0FC /* RssReader */ = {
			isa = PBXGroup;
			children = (
				183B4B1F1A890D900018F0FC /* AppDelegate.h */,
				183B4B201A890D910018F0FC /* AppDelegate.m */,
				183B4B251A890D910018F0FC /* MasterViewController.h */,
				183B4B261A890D910018F0FC /* MasterViewController.m */,
				183B4B281A890D910018F0FC /* DetailViewController.h */,
				183B4B291A890D910018F0FC /* DetailViewController.m */,
				183B4B2B1A890D910018F0FC /* Main.storyboard */,
				183B4B2E1A890D910018F0FC /* Images.xcassets */,
				183B4B301A890D910018F0FC /* LaunchScreen.xib */,
				183B4B221A890D910018F0FC /* RssReader.xcdatamodeld */,
				183B4B1B1A890D900018F0FC /* Supporting Files */,
				183B4B471A891ECE0018F0FC /* IpObject.h */,
				183B4B481A891ECE0018F0FC /* IpObject.m */,
			);
			path = RssReader;
			sourceTree = "<group>";
		};
		183B4B1B1A890D900018F0FC /* Supporting Files */ = {
			isa = PBXGroup;
			children = (
				183B4B1C1A890D900018F0FC /* Info.plist */,
				183B4B1D1A890D900018F0FC /* main.m */,
			);
			name = "Supporting Files";
			sourceTree = "<group>";
		};
		183B4B3A1A890D910018F0FC /* RssReaderTests */ = {
			isa = PBXGroup;
			children = (
				183B4B3D1A890D910018F0FC /* RssReaderTests.m */,
				183B4B3B1A890D910018F0FC /* Supporting Files */,
			);
			path = RssReaderTests;
			sourceTree = "<group>";
		};
		183B4B3B1A890D910018F0FC /* Supporting Files */ = {
			isa = PBXGroup;
			children = (
				183B4B3C1A890D910018F0FC /* Info.plist */,
			);
			name = "Supporting Files";
			sourceTree = "<group>";
		};
/* End PBXGroup section */

/* Begin PBXNativeTarget section */
		183B4B171A890D8F0018F0FC /* RssReader */ = {
			isa = PBXNativeTarget;
			buildConfigurationList = 183B4B411A890D910018F0FC /* Build configuration list for PBXNativeTarget "RssReader" */;
			buildPhases = (
				183B4B141A890D8F0018F0FC /* Sources */,
				183B4B151A890D8F0018F0FC /* Frameworks */,
				183B4B161A890D8F0018F0FC /* Resources */,
			);
			buildRules = (
			);
			dependencies = (
			);
			name = RssReader;
			productName = RssReader;
			productReference = 183B4B181A890D900018F0FC /* RssReader.app */;
			productType = "com.apple.product-type.application";
		};
		183B4B361A890D910018F0FC /* RssReaderTests */ = {
			isa = PBXNativeTarget;
			buildConfigurationList = 183B4B441A890D910018F0FC /* Build configuration list for PBXNativeTarget "RssReaderTests" */;
			buildPhases = (
				183B4B331A890D910018F0FC /* Sources */,
				183B4B341A890D910018F0FC /* Frameworks */,
				183B4B351A890D910018F0FC /* Resources */,
			);
			buildRules = (
			);
			dependencies = (
				183B4B391A890D910018F0FC /* PBXTargetDependency */,
			);
			name = RssReaderTests;
			productName = RssReaderTests;
			productReference = 183B4B371A890D910018F0FC /* RssReaderTests.xctest */;
			productType = "com.apple.product-type.bundle.unit-test";
		};
/* End PBXNativeTarget section */

/* Begin PBXProject section */
		183B4B101A890D8F0018F0FC /* Project object */ = {
			isa = PBXProject;
			attributes = {
				LastUpgradeCheck = 0610;
				ORGANIZATIONNAME = andrews;
				TargetAttributes = {
					183B4B171A890D8F0018F0FC = {
						CreatedOnToolsVersion = 6.1.1;
					};
					183B4B361A890D910018F0FC = {
						CreatedOnToolsVersion = 6.1.1;
						TestTargetID = 183B4B171A890D8F0018F0FC;
					};
				};
			};
			buildConfigurationList = 183B4B131A890D8F0018F0FC /* Build configuration list for PBXProject "RssReader" */;
			compatibilityVersion = "Xcode 3.2";
			developmentRegion = English;
			hasScannedForEncodings = 0;
			knownRegions = (
				en,
				Base,
			);
			mainGroup = 183B4B0F1A890D8F0018F0FC;
			productRefGroup = 183B4B191A890D900018F0FC /* Products */;
			projectDirPath = "";
			projectRoot = "";
			targets = (
				183B4B171A890D8F0018F0FC /* RssReader */,
				183B4B361A890D910018F0FC /* RssReaderTests */,
			);
		};
/* End PBXProject section */

/* Begin PBXResourcesBuildPhase section */
		183B4B161A890D8F0018F0FC /* Resources */ = {
			isa = PBXResourcesBuildPhase;
			buildActionMask = 2147483647;
			files = (
				183B4B2D1A890D910018F0FC /* Main.storyboard in Resources */,
				183B4B321A890D910018F0FC /* LaunchScreen.xib in Resources */,
				183B4B2F1A890D910018F0FC /* Images.xcassets in Resources */,
			);
			runOnlyForDeploymentPostprocessing = 0;
		};
		183B4B351A890D910018F0FC /* Resources */ = {
			isa = PBXResourcesBuildPhase;
			buildActionMask = 2147483647;
			files = (
			);
			runOnlyForDeploymentPostprocessing = 0;
		};
/* End PBXResourcesBuildPhase section */

/* Begin PBXSourcesBuildPhase section */
		183B4B141A890D8F0018F0FC /* Sources */ = {
			isa = PBXSourcesBuildPhase;
			buildActionMask = 2147483647;
			files = (
				183B4B2A1A890D910018F0FC /* DetailViewController.m in Sources */,
				183B4B271A890D910018F0FC /* MasterViewController.m in Sources */,
				183B4B211A890D910018F0FC /* AppDelegate.m in Sources */,
				183B4B241A890D910018F0FC /* RssReader.xcdatamodeld in Sources */,
				183B4B1E1A890D900018F0FC /* main.m in Sources */,
				183B4B491A891ECE0018F0FC /* IpObject.m in Sources */,
			);
			runOnlyForDeploymentPostprocessing = 0;
		};
		183B4B331A890D910018F0FC /* Sources */ = {
			isa = PBXSourcesBuildPhase;
			buildActionMask = 2147483647;
			files = (
				183B4B3E1A890D910018F0FC /* RssReaderTests.m in Sources */,
			);
			runOnlyForDeploymentPostprocessing = 0;
		};
/* End PBXSourcesBuildPhase section */

/* Begin PBXTargetDependency section */
		183B4B391A890D910018F0FC /* PBXTargetDependency */ = {
			isa = PBXTargetDependency;
			target = 183B4B171A890D8F0018F0FC /* RssReader */;
			targetProxy = 183B4B381A890D910018F0FC /* PBXContainerItemProxy */;
		};
/* End PBXTargetDependency section */

/* Begin PBXVariantGroup section */
		183B4B2B1A890D910018F0FC /* Main.storyboard */ = {
			isa = PBXVariantGroup;
			children = (
				183B4B2C1A890D910018F0FC /* Base */,
			);
			name = Main.storyboard;
			sourceTree = "<group>";
		};
		183B4B301A890D910018F0FC /* LaunchScreen.xib */ = {
			isa = PBXVariantGroup;
			children = (
				183B4B311A890D910018F0FC /* Base */,
			);
			name = LaunchScreen.xib;
			sourceTree = "<group>";
		};
/* End PBXVariantGroup section */

/* Begin XCBuildConfiguration section */
		183B4B3F1A890D910018F0FC /* Debug */ = {
			isa = XCBuildConfiguration;
			buildSettings = {
				ALWAYS_SEARCH_USER_PATHS = NO;
				CLANG_CXX_LANGUAGE_STANDARD = "gnu++0x";
				CLANG_CXX_LIBRARY = "libc++";
				CLANG_ENABLE_MODULES = YES;
				CLANG_ENABLE_OBJC_ARC = YES;
				CLANG_WARN_BOOL_CONVERSION = YES;
				CLANG_WARN_CONSTANT_CONVERSION = YES;
				CLANG_WARN_DIRECT_OBJC_ISA_USAGE = YES_ERROR;
				CLANG_WARN_EMPTY_BODY = YES;
				CLANG_WARN_ENUM_CONVERSION = YES;
				CLANG_WARN_INT_CONVERSION = YES;
				CLANG_WARN_OBJC_ROOT_CLASS = YES_ERROR;
				CLANG_WARN_UNREACHABLE_CODE = YES;
				CLANG_WARN__DUPLICATE_METHOD_MATCH = YES;
				"CODE_SIGN_IDENTITY[sdk=iphoneos*]" = "iPhone Developer";
				COPY_PHASE_STRIP = NO;
				ENABLE_STRICT_OBJC_MSGSEND = YES;
				GCC_C_LANGUAGE_STANDARD = gnu99;
				GCC_DYNAMIC_NO_PIC = NO;
				GCC_OPTIMIZATION_LEVEL = 0;
				GCC_PREPROCESSOR_DEFINITIONS = (
					"DEBUG=1",
					"$(inherited)",
				);
				GCC_SYMBOLS_PRIVATE_EXTERN = NO;
				GCC_WARN_64_TO_32_BIT_CONVERSION = YES;
				GCC_WARN_ABOUT_RETURN_TYPE = YES_ERROR;
				GCC_WARN_UNDECLARED_SELECTOR = YES;
				GCC_WARN_UNINITIALIZED_AUTOS = YES_AGGRESSIVE;
				GCC_WARN_UNUSED_FUNCTION = YES;
				GCC_WARN_UNUSED_VARIABLE = YES;
				IPHONEOS_DEPLOYMENT_TARGET = 8.1;
				MTL_ENABLE_DEBUG_INFO = YES;
				ONLY_ACTIVE_ARCH = YES;
				SDKROOT = iphoneos;
			};
			name = Debug;
		};
		183B4B401A890D910018F0FC /* Release */ = {
			isa = XCBuildConfiguration;
			buildSettings = {
				ALWAYS_SEARCH_USER_PATHS = NO;
				CLANG_CXX_LANGUAGE_STANDARD = "gnu++0x";
				CLANG_CXX_LIBRARY = "libc++";
				CLANG_ENABLE_MODULES = YES;
				CLANG_ENABLE_OBJC_ARC = YES;
				CLANG_WARN_BOOL_CONVERSION = YES;
				CLANG_WARN_CONSTANT_CONVERSION = YES;
				CLANG_WARN_DIRECT_OBJC_ISA_USAGE = YES_ERROR;
				CLANG_WARN_EMPTY_BODY = YES;
				CLANG_WARN_ENUM_CONVERSION = YES;
				CLANG_WARN_INT_CONVERSION = YES;
				CLANG_WARN_OBJC_ROOT_CLASS = YES_ERROR;
				CLANG_WARN_UNREACHABLE_CODE = YES;
				CLANG_WARN__DUPLICATE_METHOD_MATCH = YES;
				"CODE_SIGN_IDENTITY[sdk=iphoneos*]" = "iPhone Developer";
				COPY_PHASE_STRIP = YES;
				ENABLE_NS_ASSERTIONS = NO;
				ENABLE_STRICT_OBJC_MSGSEND = YES;
				GCC_C_LANGUAGE_STANDARD = gnu99;
				GCC_WARN_64_TO_32_BIT_CONVERSION = YES;
				GCC_WARN_ABOUT_RETURN_TYPE = YES_ERROR;
				GCC_WARN_UNDECLARED_SELECTOR = YES;
				GCC_WARN_UNINITIALIZED_AUTOS = YES_AGGRESSIVE;
				GCC_WARN_UNUSED_FUNCTION = YES;
				GCC_WARN_UNUSED_VARIABLE = YES;
				IPHONEOS_DEPLOYMENT_TARGET = 8.1;
				MTL_ENABLE_DEBUG_INFO = NO;
				SDKROOT = iphoneos;
				VALIDATE_PRODUCT = YES;
			};
			name = Release;
		};
		183B4B421A890D910018F0FC /* Debug */ = {
			isa = XCBuildConfiguration;
			buildSettings = {
				ASSETCATALOG_COMPILER_APPICON_NAME = AppIcon;
				INFOPLIST_FILE = RssReader/Info.plist;
				LD_RUNPATH_SEARCH_PATHS = "$(inherited) @executable_path/Frameworks";
				PRODUCT_NAME = "$(TARGET_NAME)";
			};
			name = Debug;
		};
		183B4B431A890D910018F0FC /* Release */ = {
			isa = XCBuildConfiguration;
			buildSettings = {
				ASSETCATALOG_COMPILER_APPICON_NAME = AppIcon;
				INFOPLIST_FILE = RssReader/Info.plist;
				LD_RUNPATH_SEARCH_PATHS = "$(inherited) @executable_path/Frameworks";
				PRODUCT_NAME = "$(TARGET_NAME)";
			};
			name = Release;
		};
		183B4B451A890D910018F0FC /* Debug */ = {
			isa = XCBuildConfiguration;
			buildSettings = {
				BUNDLE_LOADER = "$(TEST_HOST)";
				FRAMEWORK_SEARCH_PATHS = (
					"$(SDKROOT)/Developer/Library/Frameworks",
					"$(inherited)",
				);
				GCC_PREPROCESSOR_DEFINITIONS = (
					"DEBUG=1",
					"$(inherited)",
				);
				INFOPLIST_FILE = RssReaderTests/Info.plist;
				LD_RUNPATH_SEARCH_PATHS = "$(inherited) @executable_path/Frameworks @loader_path/Frameworks";
				PRODUCT_NAME = "$(TARGET_NAME)";
				TEST_HOST = "$(BUILT_PRODUCTS_DIR)/RssReader.app/RssReader";
			};
			name = Debug;
		};
		183B4B461A890D910018F0FC /* Release */ = {
			isa = XCBuildConfiguration;
			buildSettings = {
				BUNDLE_LOADER = "$(TEST_HOST)";
				FRAMEWORK_SEARCH_PATHS = (
					"$(SDKROOT)/Developer/Library/Frameworks",
					"$(inherited)",
				);
				INFOPLIST_FILE = RssReaderTests/Info.plist;
				LD_RUNPATH_SEARCH_PATHS = "$(inherited) @executable_path/Frameworks @loader_path/Frameworks";
				PRODUCT_NAME = "$(TARGET_NAME)";
				TEST_HOST = "$(BUILT_PRODUCTS_DIR)/RssReader.app/RssReader";
			};
			name = Release;
		};
/* End XCBuildConfiguration section */

/* Begin XCConfigurationList section */
		183B4B131A890D8F0018F0FC /* Build configuration list for PBXProject "RssReader" */ = {
			isa = XCConfigurationList;
			buildConfigurations = (
				183B4B3F1A890D910018F0FC /* Debug */,
				183B4B401A890D910018F0FC /* Release */,
			);
			defaultConfigurationIsVisible = 0;
			defaultConfigurationName = Release;
		};
		183B4B411A890D910018F0FC /* Build configuration list for PBXNativeTarget "RssReader" */ = {
			isa = XCConfigurationList;
			buildConfigurations = (
				183B4B421A890D910018F0FC /* Debug */,
				183B4B431A890D910018F0FC /* Release */,
			);
			defaultConfigurationIsVisible = 0;
		};
		183B4B441A890D910018F0FC /* Build configuration list for PBXNativeTarget "RssReaderTests" */ = {
			isa = XCConfigurationList;
			buildConfigurations = (
				183B4B451A890D910018F0FC /* Debug */,
				183B4B461A890D910018F0FC /* Release */,
			);
			defaultConfigurationIsVisible = 0;
		};
/* End XCConfigurationList section */

/* Begin XCVersionGroup section */
		183B4B221A890D910018F0FC /* RssReader.xcdatamodeld */ = {
			isa = XCVersionGroup;
			children = (
				183B4B231A890D910018F0FC /* RssReader.xcdatamodel */,
			);
			currentVersion = 183B4B231A890D910018F0FC /* RssReader.xcdatamodel */;
			path = RssReader.xcdatamodeld;
			sourceTree = "<group>";
			versionGroupType = wrapper.xcdatamodel;
		};
/* End XCVersionGroup section */
	};
	rootObject = 183B4B101A890D8F0018F0FC /* Project object */;
}
